
Microsoft Visual Studio Solution File, Format Version 12.00
# Visual Studio 2015
Project("{FAE04EC0-301F-11D3-BF4B-00C04F79EFBC}") = "Project Context Unity.CSharp", "Project Context Unity.CSharp.csproj", "{A96D7211-8920-6F02-F122-45DB9070A008}"
EndProject
Project("{FAE04EC0-301F-11D3-BF4B-00C04F79EFBC}") = "Project Context Unity.CSharp.Editor", "Project Context Unity.CSharp.Editor.csproj", "{67C8FFF3-4B9F-69D5-1BC3-D58EE6721A90}"
EndProject
Global
	GlobalSection(SolutionConfigurationPlatforms) = preSolution
		Debug|Any CPU = Debug|Any CPU
		Release|Any CPU = Release|Any CPU
	EndGlobalSection
	GlobalSection(ProjectConfigurationPlatforms) = postSolution
		{A96D7211-8920-6F02-F122-45DB9070A008}.Debug|Any CPU.ActiveCfg = Debug|Any CPU
		{A96D7211-8920-6F02-F122-45DB9070A008}.Debug|Any CPU.Build.0 = Debug|Any CPU
		{A96D7211-8920-6F02-F122-45DB9070A008}.Release|Any CPU.ActiveCfg = Release|Any CPU
		{A96D7211-8920-6F02-F122-45DB9070A008}.Release|Any CPU.Build.0 = Release|Any CPU
		{67C8FFF3-4B9F-69D5-1BC3-D58EE6721A90}.Debug|Any CPU.ActiveCfg = Debug|Any CPU
		{67C8FFF3-4B9F-69D5-1BC3-D58EE6721A90}.Debug|Any CPU.Build.0 = Debug|Any CPU
		{67C8FFF3-4B9F-69D5-1BC3-D58EE6721A90}.Release|Any CPU.ActiveCfg = Release|Any CPU
		{67C8FFF3-4B9F-69D5-1BC3-D58EE6721A90}.Release|Any CPU.Build.0 = Release|Any CPU
	EndGlobalSection
	GlobalSection(SolutionProperties) = preSolution
		HideSolutionNode = FALSE
	EndGlobalSection
EndGlobal
